
Microsoft Visual Studio Solution File, Format Version 12.00
# Visual Studio 14
VisualStudioVersion = 14.0.23107.0
MinimumVisualStudioVersion = 10.0.40219.1
Project("{FAE04EC0-301F-11D3-BF4B-00C04F79EFBC}") = "StrategyPattern", "StrategyPattern\StrategyPattern.csproj", "{8244C484-D2CF-4611-A31A-6908DCC6BFA6}"
EndProject
Project("{FAE04EC0-301F-11D3-BF4B-00C04F79EFBC}") = "UnitTest", "UnitTest\UnitTest.csproj", "{FEB12787-7F53-4C2E-A0D5-92AF6CE69DCA}"
EndProject
Global
	GlobalSection(SolutionConfigurationPlatforms) = preSolution
		Debug|Any CPU = Debug|Any CPU
		Release|Any CPU = Release|Any CPU
	EndGlobalSection
	GlobalSection(ProjectConfigurationPlatforms) = postSolution
		{8244C484-D2CF-4611-A31A-6908DCC6BFA6}.Debug|Any CPU.ActiveCfg = Debug|Any CPU
		{8244C484-D2CF-4611-A31A-6908DCC6BFA6}.Debug|Any CPU.Build.0 = Debug|Any CPU
		{8244C484-D2CF-4611-A31A-6908DCC6BFA6}.Release|Any CPU.ActiveCfg = Release|Any CPU
		{8244C484-D2CF-4611-A31A-6908DCC6BFA6}.Release|Any CPU.Build.0 = Release|Any CPU
		{FEB12787-7F53-4C2E-A0D5-92AF6CE69DCA}.Debug|Any CPU.ActiveCfg = Debug|Any CPU
		{FEB12787-7F53-4C2E-A0D5-92AF6CE69DCA}.Debug|Any CPU.Build.0 = Debug|Any CPU
		{FEB12787-7F53-4C2E-A0D5-92AF6CE69DCA}.Release|Any CPU.ActiveCfg = Release|Any CPU
		{FEB12787-7F53-4C2E-A0D5-92AF6CE69DCA}.Release|Any CPU.Build.0 = Release|Any CPU
	EndGlobalSection
	GlobalSection(SolutionProperties) = preSolution
		HideSolutionNode = FALSE
	EndGlobalSection
EndGlobal
